
Microsoft Visual Studio Solution File, Format Version 12.00
Project("{2150E333-8FDC-42A3-9474-1A3956D46DE8}") = "Core", "Core", "{5C6AEC01-0DEB-4B37-9CE1-EBA53207DF24}"
EndProject
Project("{2150E333-8FDC-42A3-9474-1A3956D46DE8}") = "Infrastructure", "Infrastructure", "{E4678008-FC3D-415B-B41A-4E87AA85D918}"
EndProject
Project("{2150E333-8FDC-42A3-9474-1A3956D46DE8}") = "Presentation", "Presentation", "{CFB3F327-7049-416E-B9D4-314E7FF41594}"
EndProject
Project("{2150E333-8FDC-42A3-9474-1A3956D46DE8}") = "Backend", "Backend", "{777D1DB5-FA46-498B-A514-1F10766D005C}"
EndProject
Project("{FAE04EC0-301F-11D3-BF4B-00C04F79EFBC}") = "CloudStorage.Domain", "Backend\CloudStorage.Domain\CloudStorage.Domain.csproj", "{F56A4F21-3FC2-483A-A7AF-0AE35F177938}"
EndProject
Project("{FAE04EC0-301F-11D3-BF4B-00C04F79EFBC}") = "CloudStorage.Service", "Backend\CloudStorage.Service\CloudStorage.Service.csproj", "{40F78525-D3A6-49E3-8097-5BEB3F1C9D04}"
EndProject
Project("{FAE04EC0-301F-11D3-BF4B-00C04F79EFBC}") = "CloudStorage.Persistence", "Backend\CloudStorage.Persistence\CloudStorage.Persistence.csproj", "{2B376A68-73ED-4ACB-A53E-4F154943ABB9}"
EndProject
Project("{FAE04EC0-301F-11D3-BF4B-00C04F79EFBC}") = "CloudStorage.WebApi", "Backend\CloudStorage.WebApi\CloudStorage.WebApi.csproj", "{401F54E5-5F37-4256-A576-AC0D32B0A1EF}"
EndProject
Global
	GlobalSection(SolutionConfigurationPlatforms) = preSolution
		Debug|Any CPU = Debug|Any CPU
		Release|Any CPU = Release|Any CPU
	EndGlobalSection
	GlobalSection(NestedProjects) = preSolution
		{5C6AEC01-0DEB-4B37-9CE1-EBA53207DF24} = {777D1DB5-FA46-498B-A514-1F10766D005C}
		{E4678008-FC3D-415B-B41A-4E87AA85D918} = {777D1DB5-FA46-498B-A514-1F10766D005C}
		{CFB3F327-7049-416E-B9D4-314E7FF41594} = {777D1DB5-FA46-498B-A514-1F10766D005C}
		{F56A4F21-3FC2-483A-A7AF-0AE35F177938} = {5C6AEC01-0DEB-4B37-9CE1-EBA53207DF24}
		{40F78525-D3A6-49E3-8097-5BEB3F1C9D04} = {5C6AEC01-0DEB-4B37-9CE1-EBA53207DF24}
		{2B376A68-73ED-4ACB-A53E-4F154943ABB9} = {E4678008-FC3D-415B-B41A-4E87AA85D918}
		{401F54E5-5F37-4256-A576-AC0D32B0A1EF} = {CFB3F327-7049-416E-B9D4-314E7FF41594}
	EndGlobalSection
	GlobalSection(ProjectConfigurationPlatforms) = postSolution
		{F56A4F21-3FC2-483A-A7AF-0AE35F177938}.Debug|Any CPU.ActiveCfg = Debug|Any CPU
		{F56A4F21-3FC2-483A-A7AF-0AE35F177938}.Debug|Any CPU.Build.0 = Debug|Any CPU
		{F56A4F21-3FC2-483A-A7AF-0AE35F177938}.Release|Any CPU.ActiveCfg = Release|Any CPU
		{F56A4F21-3FC2-483A-A7AF-0AE35F177938}.Release|Any CPU.Build.0 = Release|Any CPU
		{40F78525-D3A6-49E3-8097-5BEB3F1C9D04}.Debug|Any CPU.ActiveCfg = Debug|Any CPU
		{40F78525-D3A6-49E3-8097-5BEB3F1C9D04}.Debug|Any CPU.Build.0 = Debug|Any CPU
		{40F78525-D3A6-49E3-8097-5BEB3F1C9D04}.Release|Any CPU.ActiveCfg = Release|Any CPU
		{40F78525-D3A6-49E3-8097-5BEB3F1C9D04}.Release|Any CPU.Build.0 = Release|Any CPU
		{2B376A68-73ED-4ACB-A53E-4F154943ABB9}.Debug|Any CPU.ActiveCfg = Debug|Any CPU
		{2B376A68-73ED-4ACB-A53E-4F154943ABB9}.Debug|Any CPU.Build.0 = Debug|Any CPU
		{2B376A68-73ED-4ACB-A53E-4F154943ABB9}.Release|Any CPU.ActiveCfg = Release|Any CPU
		{2B376A68-73ED-4ACB-A53E-4F154943ABB9}.Release|Any CPU.Build.0 = Release|Any CPU
		{401F54E5-5F37-4256-A576-AC0D32B0A1EF}.Debug|Any CPU.ActiveCfg = Debug|Any CPU
		{401F54E5-5F37-4256-A576-AC0D32B0A1EF}.Debug|Any CPU.Build.0 = Debug|Any CPU
		{401F54E5-5F37-4256-A576-AC0D32B0A1EF}.Release|Any CPU.ActiveCfg = Release|Any CPU
		{401F54E5-5F37-4256-A576-AC0D32B0A1EF}.Release|Any CPU.Build.0 = Release|Any CPU
	EndGlobalSection
EndGlobal
